// !$*UTF8*$!
{
	archiveVersion = 1;
	classes = {
	};
	objectVersion = 46;
	objects = {

/* Begin PBXBuildFile section */
		FB1B44E41D2564120088A854 /* main.mm in Sources */ = {isa = PBXBuildFile; fileRef = FB1B44E31D2564120088A854 /* main.mm */; };
		FB1B44EC1D25649D0088A854 /* BuildSql.mm in Sources */ = {isa = PBXBuildFile; fileRef = FB1B44EB1D25649D0088A854 /* BuildSql.mm */; };
		FB40020A1D2634F900A37013 /* buildSQLTest.mm in Sources */ = {isa = PBXBuildFile; fileRef = FB4002091D2634F900A37013 /* buildSQLTest.mm */; };
		FB40020F1D26352E00A37013 /* BuildSql.mm in Sources */ = {isa = PBXBuildFile; fileRef = FB1B44EB1D25649D0088A854 /* BuildSql.mm */; };
/* End PBXBuildFile section */

/* Begin PBXCopyFilesBuildPhase section */
		FB1B44DE1D2564120088A854 /* CopyFiles */ = {
			isa = PBXCopyFilesBuildPhase;
			buildActionMask = 2147483647;
			dstPath = /usr/share/man/man1/;
			dstSubfolderSpec = 0;
			files = (
			);
			runOnlyForDeploymentPostprocessing = 1;
		};
/* End PBXCopyFilesBuildPhase section */

/* Begin PBXFileReference section */
		FB1B44E01D2564120088A854 /* buildSQL */ = {isa = PBXFileReference; explicitFileType = "compiled.mach-o.executable"; includeInIndex = 0; path = buildSQL; sourceTree = BUILT_PRODUCTS_DIR; };
		FB1B44E31D2564120088A854 /* main.mm */ = {isa = PBXFileReference; lastKnownFileType = sourcecode.cpp.objcpp; path = main.mm; sourceTree = "<group>"; };
		FB1B44EA1D25649D0088A854 /* BuildSql.h */ = {isa = PBXFileReference; fileEncoding = 4; lastKnownFileType = sourcecode.c.h; path = BuildSql.h; sourceTree = "<group>"; };
		FB1B44EB1D25649D0088A854 /* BuildSql.mm */ = {isa = PBXFileReference; fileEncoding = 4; lastKnownFileType = sourcecode.cpp.objcpp; path = BuildSql.mm; sourceTree = "<group>"; };
		FB4002071D2634F900A37013 /* buildSQLTest.xctest */ = {isa = PBXFileReference; explicitFileType = wrapper.cfbundle; includeInIndex = 0; path = buildSQLTest.xctest; sourceTree = BUILT_PRODUCTS_DIR; };
		FB4002091D2634F900A37013 /* buildSQLTest.mm */ = {isa = PBXFileReference; lastKnownFileType = sourcecode.cpp.objcpp; path = buildSQLTest.mm; sourceTree = "<group>"; };
		FB40020B1D2634F900A37013 /* Info.plist */ = {isa = PBXFileReference; lastKnownFileType = text.plist.xml; path = Info.plist; sourceTree = "<group>"; };
/* End PBXFileReference section */

/* Begin PBXFrameworksBuildPhase section */
		FB1B44DD1D2564120088A854 /* Frameworks */ = {
			isa = PBXFrameworksBuildPhase;
			buildActionMask = 2147483647;
			files = (
			);
			runOnlyForDeploymentPostprocessing = 0;
		};
		FB4002041D2634F900A37013 /* Frameworks */ = {
			isa = PBXFrameworksBuildPhase;
			buildActionMask = 2147483647;
			files = (
			);
			runOnlyForDeploymentPostprocessing = 0;
		};
/* End PBXFrameworksBuildPhase section */

/* Begin PBXGroup section */
		FB1B44D71D2564120088A854 = {
			isa = PBXGroup;
			children = (
				FB1B44E21D2564120088A854 /* buildSQL */,
				FB4002081D2634F900A37013 /* buildSQLTest */,
				FB1B44E11D2564120088A854 /* Products */,
			);
			sourceTree = "<group>";
		};
		FB1B44E11D2564120088A854 /* Products */ = {
			isa = PBXGroup;
			children = (
				FB1B44E01D2564120088A854 /* buildSQL */,
				FB4002071D2634F900A37013 /* buildSQLTest.xctest */,
			);
			name = Products;
			sourceTree = "<group>";
		};
		FB1B44E21D2564120088A854 /* buildSQL */ = {
			isa = PBXGroup;
			children = (
				FB1B44EA1D25649D0088A854 /* BuildSql.h */,
				FB1B44EB1D25649D0088A854 /* BuildSql.mm */,
				FB1B44E31D2564120088A854 /* main.mm */,
			);
			path = buildSQL;
			sourceTree = "<group>";
		};
		FB4002081D2634F900A37013 /* buildSQLTest */ = {
			isa = PBXGroup;
			children = (
				FB4002091D2634F900A37013 /* buildSQLTest.mm */,
				FB40020B1D2634F900A37013 /* Info.plist */,
			);
			path = buildSQLTest;
			sourceTree = "<group>";
		};
/* End PBXGroup section */

/* Begin PBXNativeTarget section */
		FB1B44DF1D2564120088A854 /* buildSQL */ = {
			isa = PBXNativeTarget;
			buildConfigurationList = FB1B44E71D2564120088A854 /* Build configuration list for PBXNativeTarget "buildSQL" */;
			buildPhases = (
				FB1B44DC1D2564120088A854 /* Sources */,
				FB1B44DD1D2564120088A854 /* Frameworks */,
				FB1B44DE1D2564120088A854 /* CopyFiles */,
			);
			buildRules = (
			);
			dependencies = (
			);
			name = buildSQL;
			productName = buildSQL;
			productReference = FB1B44E01D2564120088A854 /* buildSQL */;
			productType = "com.apple.product-type.tool";
		};
		FB4002061D2634F900A37013 /* buildSQLTest */ = {
			isa = PBXNativeTarget;
			buildConfigurationList = FB40020E1D2634F900A37013 /* Build configuration list for PBXNativeTarget "buildSQLTest" */;
			buildPhases = (
				FB4002031D2634F900A37013 /* Sources */,
				FB4002041D2634F900A37013 /* Frameworks */,
				FB4002051D2634F900A37013 /* Resources */,
			);
			buildRules = (
			);
			dependencies = (
			);
			name = buildSQLTest;
			productName = buildSQLTest;
			productReference = FB4002071D2634F900A37013 /* buildSQLTest.xctest */;
			productType = "com.apple.product-type.bundle.unit-test";
		};
/* End PBXNativeTarget section */

/* Begin PBXProject section */
		FB1B44D81D2564120088A854 /* Project object */ = {
			isa = PBXProject;
			attributes = {
				LastUpgradeCheck = 0730;
				ORGANIZATIONNAME = CHE;
				TargetAttributes = {
					FB1B44DF1D2564120088A854 = {
						CreatedOnToolsVersion = 7.3;
					};
					FB4002061D2634F900A37013 = {
						CreatedOnToolsVersion = 7.3;
					};
				};
			};
			buildConfigurationList = FB1B44DB1D2564120088A854 /* Build configuration list for PBXProject "buildSQL" */;
			compatibilityVersion = "Xcode 3.2";
			developmentRegion = English;
			hasScannedForEncodings = 0;
			knownRegions = (
				en,
			);
			mainGroup = FB1B44D71D2564120088A854;
			productRefGroup = FB1B44E11D2564120088A854 /* Products */;
			projectDirPath = "";
			projectRoot = "";
			targets = (
				FB1B44DF1D2564120088A854 /* buildSQL */,
				FB4002061D2634F900A37013 /* buildSQLTest */,
			);
		};
/* End PBXProject section */

/* Begin PBXResourcesBuildPhase section */
		FB4002051D2634F900A37013 /* Resources */ = {
			isa = PBXResourcesBuildPhase;
			buildActionMask = 2147483647;
			files = (
			);
			runOnlyForDeploymentPostprocessing = 0;
		};
/* End PBXResourcesBuildPhase section */

/* Begin PBXSourcesBuildPhase section */
		FB1B44DC1D2564120088A854 /* Sources */ = {
			isa = PBXSourcesBuildPhase;
			buildActionMask = 2147483647;
			files = (
				FB1B44EC1D25649D0088A854 /* BuildSql.mm in Sources */,
				FB1B44E41D2564120088A854 /* main.mm in Sources */,
			);
			runOnlyForDeploymentPostprocessing = 0;
		};
		FB4002031D2634F900A37013 /* Sources */ = {
			isa = PBXSourcesBuildPhase;
			buildActionMask = 2147483647;
			files = (
				FB40020A1D2634F900A37013 /* buildSQLTest.mm in Sources */,
				FB40020F1D26352E00A37013 /* BuildSql.mm in Sources */,
			);
			runOnlyForDeploymentPostprocessing = 0;
		};
/* End PBXSourcesBuildPhase section */

/* Begin XCBuildConfiguration section */
		FB1B44E51D2564120088A854 /* Debug */ = {
			isa = XCBuildConfiguration;
			buildSettings = {
				ALWAYS_SEARCH_USER_PATHS = NO;
				CLANG_ANALYZER_NONNULL = YES;
				CLANG_CXX_LANGUAGE_STANDARD = "gnu++0x";
				CLANG_CXX_LIBRARY = "libc++";
				CLANG_ENABLE_MODULES = YES;
				CLANG_ENABLE_OBJC_ARC = YES;
				CLANG_WARN_BOOL_CONVERSION = YES;
				CLANG_WARN_CONSTANT_CONVERSION = YES;
				CLANG_WARN_DIRECT_OBJC_ISA_USAGE = YES_ERROR;
				CLANG_WARN_EMPTY_BODY = YES;
				CLANG_WARN_ENUM_CONVERSION = YES;
				CLANG_WARN_INT_CONVERSION = YES;
				CLANG_WARN_OBJC_ROOT_CLASS = YES_ERROR;
				CLANG_WARN_UNREACHABLE_CODE = YES;
				CLANG_WARN__DUPLICATE_METHOD_MATCH = YES;
				CODE_SIGN_IDENTITY = "-";
				COPY_PHASE_STRIP = NO;
				DEBUG_INFORMATION_FORMAT = dwarf;
				ENABLE_STRICT_OBJC_MSGSEND = YES;
				ENABLE_TESTABILITY = YES;
				GCC_C_LANGUAGE_STANDARD = gnu99;
				GCC_DYNAMIC_NO_PIC = NO;
				GCC_NO_COMMON_BLOCKS = YES;
				GCC_OPTIMIZATION_LEVEL = 0;
				GCC_PREPROCESSOR_DEFINITIONS = (
					"DEBUG=1",
					"$(inherited)",
				);
				GCC_WARN_64_TO_32_BIT_CONVERSION = YES;
				GCC_WARN_ABOUT_RETURN_TYPE = YES_ERROR;
				GCC_WARN_UNDECLARED_SELECTOR = YES;
				GCC_WARN_UNINITIALIZED_AUTOS = YES_AGGRESSIVE;
				GCC_WARN_UNUSED_FUNCTION = YES;
				GCC_WARN_UNUSED_VARIABLE = YES;
				MACOSX_DEPLOYMENT_TARGET = 10.11;
				MTL_ENABLE_DEBUG_INFO = YES;
				ONLY_ACTIVE_ARCH = YES;
				SDKROOT = macosx;
			};
			name = Debug;
		};
		FB1B44E61D2564120088A854 /* Release */ = {
			isa = XCBuildConfiguration;
			buildSettings = {
				ALWAYS_SEARCH_USER_PATHS = NO;
				CLANG_ANALYZER_NONNULL = YES;
				CLANG_CXX_LANGUAGE_STANDARD = "gnu++0x";
				CLANG_CXX_LIBRARY = "libc++";
				CLANG_ENABLE_MODULES = YES;
				CLANG_ENABLE_OBJC_ARC = YES;
				CLANG_WARN_BOOL_CONVERSION = YES;
				CLANG_WARN_CONSTANT_CONVERSION = YES;
				CLANG_WARN_DIRECT_OBJC_ISA_USAGE = YES_ERROR;
				CLANG_WARN_EMPTY_BODY = YES;
				CLANG_WARN_ENUM_CONVERSION = YES;
				CLANG_WARN_INT_CONVERSION = YES;
				CLANG_WARN_OBJC_ROOT_CLASS = YES_ERROR;
				CLANG_WARN_UNREACHABLE_CODE = YES;
				CLANG_WARN__DUPLICATE_METHOD_MATCH = YES;
				CODE_SIGN_IDENTITY = "-";
				COPY_PHASE_STRIP = NO;
				DEBUG_INFORMATION_FORMAT = "dwarf-with-dsym";
				ENABLE_NS_ASSERTIONS = NO;
				ENABLE_STRICT_OBJC_MSGSEND = YES;
				GCC_C_LANGUAGE_STANDARD = gnu99;
				GCC_NO_COMMON_BLOCKS = YES;
				GCC_WARN_64_TO_32_BIT_CONVERSION = YES;
				GCC_WARN_ABOUT_RETURN_TYPE = YES_ERROR;
				GCC_WARN_UNDECLARED_SELECTOR = YES;
				GCC_WARN_UNINITIALIZED_AUTOS = YES_AGGRESSIVE;
				GCC_WARN_UNUSED_FUNCTION = YES;
				GCC_WARN_UNUSED_VARIABLE = YES;
				MACOSX_DEPLOYMENT_TARGET = 10.11;
				MTL_ENABLE_DEBUG_INFO = NO;
				SDKROOT = macosx;
			};
			name = Release;
		};
		FB1B44E81D2564120088A854 /* Debug */ = {
			isa = XCBuildConfiguration;
			buildSettings = {
				PRODUCT_NAME = "$(TARGET_NAME)";
			};
			name = Debug;
		};
		FB1B44E91D2564120088A854 /* Release */ = {
			isa = XCBuildConfiguration;
			buildSettings = {
				PRODUCT_NAME = "$(TARGET_NAME)";
			};
			name = Release;
		};
		FB40020C1D2634F900A37013 /* Debug */ = {
			isa = XCBuildConfiguration;
			buildSettings = {
				COMBINE_HIDPI_IMAGES = YES;
				INFOPLIST_FILE = buildSQLTest/Info.plist;
				LD_RUNPATH_SEARCH_PATHS = "$(inherited) @executable_path/../Frameworks @loader_path/../Frameworks";
				PRODUCT_BUNDLE_IDENTIFIER = com.hejunqiu.ddm.buildSQLTest;
				PRODUCT_NAME = "$(TARGET_NAME)";
			};
			name = Debug;
		};
		FB40020D1D2634F900A37013 /* Release */ = {
			isa = XCBuildConfiguration;
			buildSettings = {
				COMBINE_HIDPI_IMAGES = YES;
				INFOPLIST_FILE = buildSQLTest/Info.plist;
				LD_RUNPATH_SEARCH_PATHS = "$(inherited) @executable_path/../Frameworks @loader_path/../Frameworks";
				PRODUCT_BUNDLE_IDENTIFIER = com.hejunqiu.ddm.buildSQLTest;
				PRODUCT_NAME = "$(TARGET_NAME)";
			};
			name = Release;
		};
/* End XCBuildConfiguration section */

/* Begin XCConfigurationList section */
		FB1B44DB1D2564120088A854 /* Build configuration list for PBXProject "buildSQL" */ = {
			isa = XCConfigurationList;
			buildConfigurations = (
				FB1B44E51D2564120088A854 /* Debug */,
				FB1B44E61D2564120088A854 /* Release */,
			);
			defaultConfigurationIsVisible = 0;
			defaultConfigurationName = Release;
		};
		FB1B44E71D2564120088A854 /* Build configuration list for PBXNativeTarget "buildSQL" */ = {
			isa = XCConfigurationList;
			buildConfigurations = (
				FB1B44E81D2564120088A854 /* Debug */,
				FB1B44E91D2564120088A854 /* Release */,
			);
			defaultConfigurationIsVisible = 0;
			defaultConfigurationName = Release;
		};
		FB40020E1D2634F900A37013 /* Build configuration list for PBXNativeTarget "buildSQLTest" */ = {
			isa = XCConfigurationList;
			buildConfigurations = (
				FB40020C1D2634F900A37013 /* Debug */,
				FB40020D1D2634F900A37013 /* Release */,
			);
			defaultConfigurationIsVisible = 0;
		};
/* End XCConfigurationList section */
	};
	rootObject = FB1B44D81D2564120088A854 /* Project object */;
}
